
Microsoft Visual Studio Solution File, Format Version 12.00
# Visual Studio Version 16
VisualStudioVersion = 16.0.31313.79
MinimumVisualStudioVersion = 10.0.40219.1
Project("{FAE04EC0-301F-11D3-BF4B-00C04F79EFBC}") = "SampleApp", "SampleApp\SampleApp.csproj", "{DE6B5DD7-3771-47B4-A9FD-61F08C4EAE81}"
EndProject
Global
	GlobalSection(SolutionConfigurationPlatforms) = preSolution
		Debug|Any CPU = Debug|Any CPU
		Release|Any CPU = Release|Any CPU
	EndGlobalSection
	GlobalSection(ProjectConfigurationPlatforms) = postSolution
		{DE6B5DD7-3771-47B4-A9FD-61F08C4EAE81}.Debug|Any CPU.ActiveCfg = Debug|Any CPU
		{DE6B5DD7-3771-47B4-A9FD-61F08C4EAE81}.Debug|Any CPU.Build.0 = Debug|Any CPU
		{DE6B5DD7-3771-47B4-A9FD-61F08C4EAE81}.Release|Any CPU.ActiveCfg = Release|Any CPU
		{DE6B5DD7-3771-47B4-A9FD-61F08C4EAE81}.Release|Any CPU.Build.0 = Release|Any CPU
	EndGlobalSection
	GlobalSection(SolutionProperties) = preSolution
		HideSolutionNode = FALSE
	EndGlobalSection
	GlobalSection(ExtensibilityGlobals) = postSolution
		SolutionGuid = {01ADE9C9-6BCE-4B42-BB3E-5ADAD86EB909}
	EndGlobalSection
EndGlobal
